
Microsoft Visual Studio Solution File, Format Version 12.00
# Visual Studio 15
VisualStudioVersion = 15.0.28307.1525
MinimumVisualStudioVersion = 10.0.40219.1
Project("{FAE04EC0-301F-11D3-BF4B-00C04F79EFBC}") = "DDW.Documents", "DDW.Documents\DDW.Documents.csproj", "{DFACBEE7-E286-4A8A-A2AF-72695FB490A4}"
EndProject
Project("{FAE04EC0-301F-11D3-BF4B-00C04F79EFBC}") = "DDW.UI", "DDW.UI\DDW.UI.csproj", "{8A6F5EDF-8E5B-4F4E-A7A9-C1E07389375B}"
EndProject
Global
	GlobalSection(SolutionConfigurationPlatforms) = preSolution
		Debug|Any CPU = Debug|Any CPU
		Release|Any CPU = Release|Any CPU
	EndGlobalSection
	GlobalSection(ProjectConfigurationPlatforms) = postSolution
		{DFACBEE7-E286-4A8A-A2AF-72695FB490A4}.Debug|Any CPU.ActiveCfg = Debug|Any CPU
		{DFACBEE7-E286-4A8A-A2AF-72695FB490A4}.Debug|Any CPU.Build.0 = Debug|Any CPU
		{DFACBEE7-E286-4A8A-A2AF-72695FB490A4}.Release|Any CPU.ActiveCfg = Release|Any CPU
		{DFACBEE7-E286-4A8A-A2AF-72695FB490A4}.Release|Any CPU.Build.0 = Release|Any CPU
		{8A6F5EDF-8E5B-4F4E-A7A9-C1E07389375B}.Debug|Any CPU.ActiveCfg = Debug|Any CPU
		{8A6F5EDF-8E5B-4F4E-A7A9-C1E07389375B}.Debug|Any CPU.Build.0 = Debug|Any CPU
		{8A6F5EDF-8E5B-4F4E-A7A9-C1E07389375B}.Release|Any CPU.ActiveCfg = Release|Any CPU
		{8A6F5EDF-8E5B-4F4E-A7A9-C1E07389375B}.Release|Any CPU.Build.0 = Release|Any CPU
	EndGlobalSection
	GlobalSection(SolutionProperties) = preSolution
		HideSolutionNode = FALSE
	EndGlobalSection
	GlobalSection(ExtensibilityGlobals) = postSolution
		SolutionGuid = {A303006E-3B5F-4BBC-86E5-2A14D0081FAF}
	EndGlobalSection
EndGlobal
